// !$*UTF8*$!
{
	archiveVersion = 1;
	classes = {
	};
	objectVersion = 48;
	objects = {

/* Begin PBXBuildFile section */
		10095E3820617A0B0095453E /* URLSession.swift in Sources */ = {isa = PBXBuildFile; fileRef = 10095E3720617A0B0095453E /* URLSession.swift */; };
		103B2905206031E600096D2E /* Network.swift in Sources */ = {isa = PBXBuildFile; fileRef = 103B2904206031E600096D2E /* Network.swift */; };
		103B29072060325600096D2E /* Repository.swift in Sources */ = {isa = PBXBuildFile; fileRef = 103B29062060325600096D2E /* Repository.swift */; };
		103B290B20603E3B00096D2E /* Optional.swift in Sources */ = {isa = PBXBuildFile; fileRef = 103B290A20603E3B00096D2E /* Optional.swift */; };
		103B29112060600F00096D2E /* LanguageCell.swift in Sources */ = {isa = PBXBuildFile; fileRef = 103B29102060600F00096D2E /* LanguageCell.swift */; };
		103B29132060602200096D2E /* RepositoryCell.swift in Sources */ = {isa = PBXBuildFile; fileRef = 103B29122060602200096D2E /* RepositoryCell.swift */; };
		105F987820609A5A005B35D7 /* Date.swift in Sources */ = {isa = PBXBuildFile; fileRef = 105F987720609A5A005B35D7 /* Date.swift */; };
		108E952C20601CEE00CBE763 /* AppDelegate.swift in Sources */ = {isa = PBXBuildFile; fileRef = 108E952B20601CEE00CBE763 /* AppDelegate.swift */; };
		108E952E20601CEE00CBE763 /* ViewController.swift in Sources */ = {isa = PBXBuildFile; fileRef = 108E952D20601CEE00CBE763 /* ViewController.swift */; };
		108E953120601CEE00CBE763 /* Main.storyboard in Resources */ = {isa = PBXBuildFile; fileRef = 108E952F20601CEE00CBE763 /* Main.storyboard */; };
		108E953320601CEE00CBE763 /* Assets.xcassets in Resources */ = {isa = PBXBuildFile; fileRef = 108E953220601CEE00CBE763 /* Assets.xcassets */; };
		108E953620601CEE00CBE763 /* LaunchScreen.storyboard in Resources */ = {isa = PBXBuildFile; fileRef = 108E953420601CEE00CBE763 /* LaunchScreen.storyboard */; };
		108E954120601CEE00CBE763 /* GithubsearchTests.swift in Sources */ = {isa = PBXBuildFile; fileRef = 108E954020601CEE00CBE763 /* GithubsearchTests.swift */; };
		108E954C20601CEE00CBE763 /* GithubsearchUITests.swift in Sources */ = {isa = PBXBuildFile; fileRef = 108E954B20601CEE00CBE763 /* GithubsearchUITests.swift */; };
		10B4985620607351007A170B /* RepositoriesGroupedByLanguage.swift in Sources */ = {isa = PBXBuildFile; fileRef = 10B4985520607351007A170B /* RepositoriesGroupedByLanguage.swift */; };
		10EC56E4206064280017BFFD /* SearchTVC.swift in Sources */ = {isa = PBXBuildFile; fileRef = 10EC56E3206064280017BFFD /* SearchTVC.swift */; };
		10EC56E6206064360017BFFD /* RepositoryTVC.swift in Sources */ = {isa = PBXBuildFile; fileRef = 10EC56E5206064360017BFFD /* RepositoryTVC.swift */; };
/* End PBXBuildFile section */

/* Begin PBXContainerItemProxy section */
		108E953D20601CEE00CBE763 /* PBXContainerItemProxy */ = {
			isa = PBXContainerItemProxy;
			containerPortal = 108E952020601CEE00CBE763 /* Project object */;
			proxyType = 1;
			remoteGlobalIDString = 108E952720601CEE00CBE763;
			remoteInfo = Githubsearch;
		};
		108E954820601CEE00CBE763 /* PBXContainerItemProxy */ = {
			isa = PBXContainerItemProxy;
			containerPortal = 108E952020601CEE00CBE763 /* Project object */;
			proxyType = 1;
			remoteGlobalIDString = 108E952720601CEE00CBE763;
			remoteInfo = Githubsearch;
		};
/* End PBXContainerItemProxy section */

/* Begin PBXFileReference section */
		10095E3720617A0B0095453E /* URLSession.swift */ = {isa = PBXFileReference; lastKnownFileType = sourcecode.swift; path = URLSession.swift; sourceTree = "<group>"; };
		103B2904206031E600096D2E /* Network.swift */ = {isa = PBXFileReference; lastKnownFileType = sourcecode.swift; path = Network.swift; sourceTree = "<group>"; };
		103B29062060325600096D2E /* Repository.swift */ = {isa = PBXFileReference; lastKnownFileType = sourcecode.swift; path = Repository.swift; sourceTree = "<group>"; };
		103B290A20603E3B00096D2E /* Optional.swift */ = {isa = PBXFileReference; lastKnownFileType = sourcecode.swift; path = Optional.swift; sourceTree = "<group>"; };
		103B29102060600F00096D2E /* LanguageCell.swift */ = {isa = PBXFileReference; lastKnownFileType = sourcecode.swift; path = LanguageCell.swift; sourceTree = "<group>"; };
		103B29122060602200096D2E /* RepositoryCell.swift */ = {isa = PBXFileReference; lastKnownFileType = sourcecode.swift; path = RepositoryCell.swift; sourceTree = "<group>"; };
		105F987720609A5A005B35D7 /* Date.swift */ = {isa = PBXFileReference; lastKnownFileType = sourcecode.swift; path = Date.swift; sourceTree = "<group>"; };
		108E952820601CEE00CBE763 /* Githubsearch.app */ = {isa = PBXFileReference; explicitFileType = wrapper.application; includeInIndex = 0; path = Githubsearch.app; sourceTree = BUILT_PRODUCTS_DIR; };
		108E952B20601CEE00CBE763 /* AppDelegate.swift */ = {isa = PBXFileReference; lastKnownFileType = sourcecode.swift; path = AppDelegate.swift; sourceTree = "<group>"; };
		108E952D20601CEE00CBE763 /* ViewController.swift */ = {isa = PBXFileReference; lastKnownFileType = sourcecode.swift; path = ViewController.swift; sourceTree = "<group>"; };
		108E953020601CEE00CBE763 /* Base */ = {isa = PBXFileReference; lastKnownFileType = file.storyboard; name = Base; path = Base.lproj/Main.storyboard; sourceTree = "<group>"; };
		108E953220601CEE00CBE763 /* Assets.xcassets */ = {isa = PBXFileReference; lastKnownFileType = folder.assetcatalog; path = Assets.xcassets; sourceTree = "<group>"; };
		108E953520601CEE00CBE763 /* Base */ = {isa = PBXFileReference; lastKnownFileType = file.storyboard; name = Base; path = Base.lproj/LaunchScreen.storyboard; sourceTree = "<group>"; };
		108E953720601CEE00CBE763 /* Info.plist */ = {isa = PBXFileReference; lastKnownFileType = text.plist.xml; path = Info.plist; sourceTree = "<group>"; };
		108E953C20601CEE00CBE763 /* GithubsearchTests.xctest */ = {isa = PBXFileReference; explicitFileType = wrapper.cfbundle; includeInIndex = 0; path = GithubsearchTests.xctest; sourceTree = BUILT_PRODUCTS_DIR; };
		108E954020601CEE00CBE763 /* GithubsearchTests.swift */ = {isa = PBXFileReference; lastKnownFileType = sourcecode.swift; path = GithubsearchTests.swift; sourceTree = "<group>"; };
		108E954220601CEE00CBE763 /* Info.plist */ = {isa = PBXFileReference; lastKnownFileType = text.plist.xml; path = Info.plist; sourceTree = "<group>"; };
		108E954720601CEE00CBE763 /* GithubsearchUITests.xctest */ = {isa = PBXFileReference; explicitFileType = wrapper.cfbundle; includeInIndex = 0; path = GithubsearchUITests.xctest; sourceTree = BUILT_PRODUCTS_DIR; };
		108E954B20601CEE00CBE763 /* GithubsearchUITests.swift */ = {isa = PBXFileReference; lastKnownFileType = sourcecode.swift; path = GithubsearchUITests.swift; sourceTree = "<group>"; };
		108E954D20601CEE00CBE763 /* Info.plist */ = {isa = PBXFileReference; lastKnownFileType = text.plist.xml; path = Info.plist; sourceTree = "<group>"; };
		10B4985520607351007A170B /* RepositoriesGroupedByLanguage.swift */ = {isa = PBXFileReference; lastKnownFileType = sourcecode.swift; path = RepositoriesGroupedByLanguage.swift; sourceTree = "<group>"; };
		10EC56E3206064280017BFFD /* SearchTVC.swift */ = {isa = PBXFileReference; lastKnownFileType = sourcecode.swift; path = SearchTVC.swift; sourceTree = "<group>"; };
		10EC56E5206064360017BFFD /* RepositoryTVC.swift */ = {isa = PBXFileReference; lastKnownFileType = sourcecode.swift; path = RepositoryTVC.swift; sourceTree = "<group>"; };
/* End PBXFileReference section */

/* Begin PBXFrameworksBuildPhase section */
		108E952520601CEE00CBE763 /* Frameworks */ = {
			isa = PBXFrameworksBuildPhase;
			buildActionMask = 2147483647;
			files = (
			);
			runOnlyForDeploymentPostprocessing = 0;
		};
		108E953920601CEE00CBE763 /* Frameworks */ = {
			isa = PBXFrameworksBuildPhase;
			buildActionMask = 2147483647;
			files = (
			);
			runOnlyForDeploymentPostprocessing = 0;
		};
		108E954420601CEE00CBE763 /* Frameworks */ = {
			isa = PBXFrameworksBuildPhase;
			buildActionMask = 2147483647;
			files = (
			);
			runOnlyForDeploymentPostprocessing = 0;
		};
/* End PBXFrameworksBuildPhase section */

/* Begin PBXGroup section */
		103B29002060305100096D2E /* Network */ = {
			isa = PBXGroup;
			children = (
				103B2904206031E600096D2E /* Network.swift */,
			);
			path = Network;
			sourceTree = "<group>";
		};
		103B29012060305C00096D2E /* Extensions */ = {
			isa = PBXGroup;
			children = (
				103B290A20603E3B00096D2E /* Optional.swift */,
				10095E3720617A0B0095453E /* URLSession.swift */,
				105F987720609A5A005B35D7 /* Date.swift */,
			);
			path = Extensions;
			sourceTree = "<group>";
		};
		103B29022060306500096D2E /* ViewControllers */ = {
			isa = PBXGroup;
			children = (
				10EC56E3206064280017BFFD /* SearchTVC.swift */,
				10EC56E5206064360017BFFD /* RepositoryTVC.swift */,
			);
			path = ViewControllers;
			sourceTree = "<group>";
		};
		103B29032060310500096D2E /* Model */ = {
			isa = PBXGroup;
			children = (
				103B29062060325600096D2E /* Repository.swift */,
				10B4985520607351007A170B /* RepositoriesGroupedByLanguage.swift */,
			);
			path = Model;
			sourceTree = "<group>";
		};
		103B290E20605DAC00096D2E /* Cells */ = {
			isa = PBXGroup;
			children = (
				103B29102060600F00096D2E /* LanguageCell.swift */,
				103B29122060602200096D2E /* RepositoryCell.swift */,
			);
			path = Cells;
			sourceTree = "<group>";
		};
		108E951F20601CEE00CBE763 = {
			isa = PBXGroup;
			children = (
				103B290E20605DAC00096D2E /* Cells */,
				103B29032060310500096D2E /* Model */,
				103B29022060306500096D2E /* ViewControllers */,
				103B29012060305C00096D2E /* Extensions */,
				103B29002060305100096D2E /* Network */,
				108E952A20601CEE00CBE763 /* Githubsearch */,
				108E953F20601CEE00CBE763 /* GithubsearchTests */,
				108E954A20601CEE00CBE763 /* GithubsearchUITests */,
				108E952920601CEE00CBE763 /* Products */,
			);
			sourceTree = "<group>";
		};
		108E952920601CEE00CBE763 /* Products */ = {
			isa = PBXGroup;
			children = (
				108E952820601CEE00CBE763 /* Githubsearch.app */,
				108E953C20601CEE00CBE763 /* GithubsearchTests.xctest */,
				108E954720601CEE00CBE763 /* GithubsearchUITests.xctest */,
			);
			name = Products;
			sourceTree = "<group>";
		};
		108E952A20601CEE00CBE763 /* Githubsearch */ = {
			isa = PBXGroup;
			children = (
				108E952B20601CEE00CBE763 /* AppDelegate.swift */,
				108E952D20601CEE00CBE763 /* ViewController.swift */,
				108E952F20601CEE00CBE763 /* Main.storyboard */,
				108E953220601CEE00CBE763 /* Assets.xcassets */,
				108E953420601CEE00CBE763 /* LaunchScreen.storyboard */,
				108E953720601CEE00CBE763 /* Info.plist */,
			);
			path = Githubsearch;
			sourceTree = "<group>";
		};
		108E953F20601CEE00CBE763 /* GithubsearchTests */ = {
			isa = PBXGroup;
			children = (
				108E954020601CEE00CBE763 /* GithubsearchTests.swift */,
				108E954220601CEE00CBE763 /* Info.plist */,
			);
			path = GithubsearchTests;
			sourceTree = "<group>";
		};
		108E954A20601CEE00CBE763 /* GithubsearchUITests */ = {
			isa = PBXGroup;
			children = (
				108E954B20601CEE00CBE763 /* GithubsearchUITests.swift */,
				108E954D20601CEE00CBE763 /* Info.plist */,
			);
			path = GithubsearchUITests;
			sourceTree = "<group>";
		};
/* End PBXGroup section */

/* Begin PBXNativeTarget section */
		108E952720601CEE00CBE763 /* Githubsearch */ = {
			isa = PBXNativeTarget;
			buildConfigurationList = 108E955020601CEE00CBE763 /* Build configuration list for PBXNativeTarget "Githubsearch" */;
			buildPhases = (
				108E952420601CEE00CBE763 /* Sources */,
				108E952520601CEE00CBE763 /* Frameworks */,
				108E952620601CEE00CBE763 /* Resources */,
			);
			buildRules = (
			);
			dependencies = (
			);
			name = Githubsearch;
			productName = Githubsearch;
			productReference = 108E952820601CEE00CBE763 /* Githubsearch.app */;
			productType = "com.apple.product-type.application";
		};
		108E953B20601CEE00CBE763 /* GithubsearchTests */ = {
			isa = PBXNativeTarget;
			buildConfigurationList = 108E955320601CEE00CBE763 /* Build configuration list for PBXNativeTarget "GithubsearchTests" */;
			buildPhases = (
				108E953820601CEE00CBE763 /* Sources */,
				108E953920601CEE00CBE763 /* Frameworks */,
				108E953A20601CEE00CBE763 /* Resources */,
			);
			buildRules = (
			);
			dependencies = (
				108E953E20601CEE00CBE763 /* PBXTargetDependency */,
			);
			name = GithubsearchTests;
			productName = GithubsearchTests;
			productReference = 108E953C20601CEE00CBE763 /* GithubsearchTests.xctest */;
			productType = "com.apple.product-type.bundle.unit-test";
		};
		108E954620601CEE00CBE763 /* GithubsearchUITests */ = {
			isa = PBXNativeTarget;
			buildConfigurationList = 108E955620601CEE00CBE763 /* Build configuration list for PBXNativeTarget "GithubsearchUITests" */;
			buildPhases = (
				108E954320601CEE00CBE763 /* Sources */,
				108E954420601CEE00CBE763 /* Frameworks */,
				108E954520601CEE00CBE763 /* Resources */,
			);
			buildRules = (
			);
			dependencies = (
				108E954920601CEE00CBE763 /* PBXTargetDependency */,
			);
			name = GithubsearchUITests;
			productName = GithubsearchUITests;
			productReference = 108E954720601CEE00CBE763 /* GithubsearchUITests.xctest */;
			productType = "com.apple.product-type.bundle.ui-testing";
		};
/* End PBXNativeTarget section */

/* Begin PBXProject section */
		108E952020601CEE00CBE763 /* Project object */ = {
			isa = PBXProject;
			attributes = {
				LastSwiftUpdateCheck = 0920;
				LastUpgradeCheck = 0920;
				ORGANIZATIONNAME = "David Vallas";
				TargetAttributes = {
					108E952720601CEE00CBE763 = {
						CreatedOnToolsVersion = 9.2;
						ProvisioningStyle = Automatic;
					};
					108E953B20601CEE00CBE763 = {
						CreatedOnToolsVersion = 9.2;
						ProvisioningStyle = Automatic;
						TestTargetID = 108E952720601CEE00CBE763;
					};
					108E954620601CEE00CBE763 = {
						CreatedOnToolsVersion = 9.2;
						ProvisioningStyle = Automatic;
						TestTargetID = 108E952720601CEE00CBE763;
					};
				};
			};
			buildConfigurationList = 108E952320601CEE00CBE763 /* Build configuration list for PBXProject "Githubsearch" */;
			compatibilityVersion = "Xcode 8.0";
			developmentRegion = en;
			hasScannedForEncodings = 0;
			knownRegions = (
				en,
				Base,
			);
			mainGroup = 108E951F20601CEE00CBE763;
			productRefGroup = 108E952920601CEE00CBE763 /* Products */;
			projectDirPath = "";
			projectRoot = "";
			targets = (
				108E952720601CEE00CBE763 /* Githubsearch */,
				108E953B20601CEE00CBE763 /* GithubsearchTests */,
				108E954620601CEE00CBE763 /* GithubsearchUITests */,
			);
		};
/* End PBXProject section */

/* Begin PBXResourcesBuildPhase section */
		108E952620601CEE00CBE763 /* Resources */ = {
			isa = PBXResourcesBuildPhase;
			buildActionMask = 2147483647;
			files = (
				108E953620601CEE00CBE763 /* LaunchScreen.storyboard in Resources */,
				108E953320601CEE00CBE763 /* Assets.xcassets in Resources */,
				108E953120601CEE00CBE763 /* Main.storyboard in Resources */,
			);
			runOnlyForDeploymentPostprocessing = 0;
		};
		108E953A20601CEE00CBE763 /* Resources */ = {
			isa = PBXResourcesBuildPhase;
			buildActionMask = 2147483647;
			files = (
			);
			runOnlyForDeploymentPostprocessing = 0;
		};
		108E954520601CEE00CBE763 /* Resources */ = {
			isa = PBXResourcesBuildPhase;
			buildActionMask = 2147483647;
			files = (
			);
			runOnlyForDeploymentPostprocessing = 0;
		};
/* End PBXResourcesBuildPhase section */

/* Begin PBXSourcesBuildPhase section */
		108E952420601CEE00CBE763 /* Sources */ = {
			isa = PBXSourcesBuildPhase;
			buildActionMask = 2147483647;
			files = (
				103B29132060602200096D2E /* RepositoryCell.swift in Sources */,
				108E952E20601CEE00CBE763 /* ViewController.swift in Sources */,
				10095E3820617A0B0095453E /* URLSession.swift in Sources */,
				103B29112060600F00096D2E /* LanguageCell.swift in Sources */,
				10EC56E6206064360017BFFD /* RepositoryTVC.swift in Sources */,
				10B4985620607351007A170B /* RepositoriesGroupedByLanguage.swift in Sources */,
				10EC56E4206064280017BFFD /* SearchTVC.swift in Sources */,
				108E952C20601CEE00CBE763 /* AppDelegate.swift in Sources */,
				103B2905206031E600096D2E /* Network.swift in Sources */,
				103B29072060325600096D2E /* Repository.swift in Sources */,
				105F987820609A5A005B35D7 /* Date.swift in Sources */,
				103B290B20603E3B00096D2E /* Optional.swift in Sources */,
			);
			runOnlyForDeploymentPostprocessing = 0;
		};
		108E953820601CEE00CBE763 /* Sources */ = {
			isa = PBXSourcesBuildPhase;
			buildActionMask = 2147483647;
			files = (
				108E954120601CEE00CBE763 /* GithubsearchTests.swift in Sources */,
			);
			runOnlyForDeploymentPostprocessing = 0;
		};
		108E954320601CEE00CBE763 /* Sources */ = {
			isa = PBXSourcesBuildPhase;
			buildActionMask = 2147483647;
			files = (
				108E954C20601CEE00CBE763 /* GithubsearchUITests.swift in Sources */,
			);
			runOnlyForDeploymentPostprocessing = 0;
		};
/* End PBXSourcesBuildPhase section */

/* Begin PBXTargetDependency section */
		108E953E20601CEE00CBE763 /* PBXTargetDependency */ = {
			isa = PBXTargetDependency;
			target = 108E952720601CEE00CBE763 /* Githubsearch */;
			targetProxy = 108E953D20601CEE00CBE763 /* PBXContainerItemProxy */;
		};
		108E954920601CEE00CBE763 /* PBXTargetDependency */ = {
			isa = PBXTargetDependency;
			target = 108E952720601CEE00CBE763 /* Githubsearch */;
			targetProxy = 108E954820601CEE00CBE763 /* PBXContainerItemProxy */;
		};
/* End PBXTargetDependency section */

/* Begin PBXVariantGroup section */
		108E952F20601CEE00CBE763 /* Main.storyboard */ = {
			isa = PBXVariantGroup;
			children = (
				108E953020601CEE00CBE763 /* Base */,
			);
			name = Main.storyboard;
			sourceTree = "<group>";
		};
		108E953420601CEE00CBE763 /* LaunchScreen.storyboard */ = {
			isa = PBXVariantGroup;
			children = (
				108E953520601CEE00CBE763 /* Base */,
			);
			name = LaunchScreen.storyboard;
			sourceTree = "<group>";
		};
/* End PBXVariantGroup section */

/* Begin XCBuildConfiguration section */
		108E954E20601CEE00CBE763 /* Debug */ = {
			isa = XCBuildConfiguration;
			buildSettings = {
				ALWAYS_SEARCH_USER_PATHS = NO;
				CLANG_ANALYZER_NONNULL = YES;
				CLANG_ANALYZER_NUMBER_OBJECT_CONVERSION = YES_AGGRESSIVE;
				CLANG_CXX_LANGUAGE_STANDARD = "gnu++14";
				CLANG_CXX_LIBRARY = "libc++";
				CLANG_ENABLE_MODULES = YES;
				CLANG_ENABLE_OBJC_ARC = YES;
				CLANG_WARN_BLOCK_CAPTURE_AUTORELEASING = YES;
				CLANG_WARN_BOOL_CONVERSION = YES;
				CLANG_WARN_COMMA = YES;
				CLANG_WARN_CONSTANT_CONVERSION = YES;
				CLANG_WARN_DIRECT_OBJC_ISA_USAGE = YES_ERROR;
				CLANG_WARN_DOCUMENTATION_COMMENTS = YES;
				CLANG_WARN_EMPTY_BODY = YES;
				CLANG_WARN_ENUM_CONVERSION = YES;
				CLANG_WARN_INFINITE_RECURSION = YES;
				CLANG_WARN_INT_CONVERSION = YES;
				CLANG_WARN_NON_LITERAL_NULL_CONVERSION = YES;
				CLANG_WARN_OBJC_LITERAL_CONVERSION = YES;
				CLANG_WARN_OBJC_ROOT_CLASS = YES_ERROR;
				CLANG_WARN_RANGE_LOOP_ANALYSIS = YES;
				CLANG_WARN_STRICT_PROTOTYPES = YES;
				CLANG_WARN_SUSPICIOUS_MOVE = YES;
				CLANG_WARN_UNGUARDED_AVAILABILITY = YES_AGGRESSIVE;
				CLANG_WARN_UNREACHABLE_CODE = YES;
				CLANG_WARN__DUPLICATE_METHOD_MATCH = YES;
				CODE_SIGN_IDENTITY = "iPhone Developer";
				COPY_PHASE_STRIP = NO;
				DEBUG_INFORMATION_FORMAT = dwarf;
				ENABLE_STRICT_OBJC_MSGSEND = YES;
				ENABLE_TESTABILITY = YES;
				GCC_C_LANGUAGE_STANDARD = gnu11;
				GCC_DYNAMIC_NO_PIC = NO;
				GCC_NO_COMMON_BLOCKS = YES;
				GCC_OPTIMIZATION_LEVEL = 0;
				GCC_PREPROCESSOR_DEFINITIONS = (
					"DEBUG=1",
					"$(inherited)",
				);
				GCC_WARN_64_TO_32_BIT_CONVERSION = YES;
				GCC_WARN_ABOUT_RETURN_TYPE = YES_ERROR;
				GCC_WARN_UNDECLARED_SELECTOR = YES;
				GCC_WARN_UNINITIALIZED_AUTOS = YES_AGGRESSIVE;
				GCC_WARN_UNUSED_FUNCTION = YES;
				GCC_WARN_UNUSED_VARIABLE = YES;
				IPHONEOS_DEPLOYMENT_TARGET = 11.2;
				MTL_ENABLE_DEBUG_INFO = YES;
				ONLY_ACTIVE_ARCH = YES;
				SDKROOT = iphoneos;
				SWIFT_ACTIVE_COMPILATION_CONDITIONS = DEBUG;
				SWIFT_OPTIMIZATION_LEVEL = "-Onone";
			};
			name = Debug;
		};
		108E954F20601CEE00CBE763 /* Release */ = {
			isa = XCBuildConfiguration;
			buildSettings = {
				ALWAYS_SEARCH_USER_PATHS = NO;
				CLANG_ANALYZER_NONNULL = YES;
				CLANG_ANALYZER_NUMBER_OBJECT_CONVERSION = YES_AGGRESSIVE;
				CLANG_CXX_LANGUAGE_STANDARD = "gnu++14";
				CLANG_CXX_LIBRARY = "libc++";
				CLANG_ENABLE_MODULES = YES;
				CLANG_ENABLE_OBJC_ARC = YES;
				CLANG_WARN_BLOCK_CAPTURE_AUTORELEASING = YES;
				CLANG_WARN_BOOL_CONVERSION = YES;
				CLANG_WARN_COMMA = YES;
				CLANG_WARN_CONSTANT_CONVERSION = YES;
				CLANG_WARN_DIRECT_OBJC_ISA_USAGE = YES_ERROR;
				CLANG_WARN_DOCUMENTATION_COMMENTS = YES;
				CLANG_WARN_EMPTY_BODY = YES;
				CLANG_WARN_ENUM_CONVERSION = YES;
				CLANG_WARN_INFINITE_RECURSION = YES;
				CLANG_WARN_INT_CONVERSION = YES;
				CLANG_WARN_NON_LITERAL_NULL_CONVERSION = YES;
				CLANG_WARN_OBJC_LITERAL_CONVERSION = YES;
				CLANG_WARN_OBJC_ROOT_CLASS = YES_ERROR;
				CLANG_WARN_RANGE_LOOP_ANALYSIS = YES;
				CLANG_WARN_STRICT_PROTOTYPES = YES;
				CLANG_WARN_SUSPICIOUS_MOVE = YES;
				CLANG_WARN_UNGUARDED_AVAILABILITY = YES_AGGRESSIVE;
				CLANG_WARN_UNREACHABLE_CODE = YES;
				CLANG_WARN__DUPLICATE_METHOD_MATCH = YES;
				CODE_SIGN_IDENTITY = "iPhone Developer";
				COPY_PHASE_STRIP = NO;
				DEBUG_INFORMATION_FORMAT = "dwarf-with-dsym";
				ENABLE_NS_ASSERTIONS = NO;
				ENABLE_STRICT_OBJC_MSGSEND = YES;
				GCC_C_LANGUAGE_STANDARD = gnu11;
				GCC_NO_COMMON_BLOCKS = YES;
				GCC_WARN_64_TO_32_BIT_CONVERSION = YES;
				GCC_WARN_ABOUT_RETURN_TYPE = YES_ERROR;
				GCC_WARN_UNDECLARED_SELECTOR = YES;
				GCC_WARN_UNINITIALIZED_AUTOS = YES_AGGRESSIVE;
				GCC_WARN_UNUSED_FUNCTION = YES;
				GCC_WARN_UNUSED_VARIABLE = YES;
				IPHONEOS_DEPLOYMENT_TARGET = 11.2;
				MTL_ENABLE_DEBUG_INFO = NO;
				SDKROOT = iphoneos;
				SWIFT_OPTIMIZATION_LEVEL = "-Owholemodule";
				VALIDATE_PRODUCT = YES;
			};
			name = Release;
		};
		108E955120601CEE00CBE763 /* Debug */ = {
			isa = XCBuildConfiguration;
			buildSettings = {
				ASSETCATALOG_COMPILER_APPICON_NAME = AppIcon;
				CODE_SIGN_STYLE = Automatic;
				DEVELOPMENT_TEAM = Z23FUEE9NC;
				INFOPLIST_FILE = Githubsearch/Info.plist;
				LD_RUNPATH_SEARCH_PATHS = "$(inherited) @executable_path/Frameworks";
				PRODUCT_BUNDLE_IDENTIFIER = com.dvallas.githubsearch;
				PRODUCT_NAME = "$(TARGET_NAME)";
				SWIFT_VERSION = 4.0;
				TARGETED_DEVICE_FAMILY = "1,2";
			};
			name = Debug;
		};
		108E955220601CEE00CBE763 /* Release */ = {
			isa = XCBuildConfiguration;
			buildSettings = {
				ASSETCATALOG_COMPILER_APPICON_NAME = AppIcon;
				CODE_SIGN_STYLE = Automatic;
				DEVELOPMENT_TEAM = Z23FUEE9NC;
				INFOPLIST_FILE = Githubsearch/Info.plist;
				LD_RUNPATH_SEARCH_PATHS = "$(inherited) @executable_path/Frameworks";
				PRODUCT_BUNDLE_IDENTIFIER = com.dvallas.githubsearch;
				PRODUCT_NAME = "$(TARGET_NAME)";
				SWIFT_VERSION = 4.0;
				TARGETED_DEVICE_FAMILY = "1,2";
			};
			name = Release;
		};
		108E955420601CEE00CBE763 /* Debug */ = {
			isa = XCBuildConfiguration;
			buildSettings = {
				ALWAYS_EMBED_SWIFT_STANDARD_LIBRARIES = YES;
				BUNDLE_LOADER = "$(TEST_HOST)";
				CODE_SIGN_STYLE = Automatic;
				DEVELOPMENT_TEAM = 3988969QQJ;
				INFOPLIST_FILE = GithubsearchTests/Info.plist;
				LD_RUNPATH_SEARCH_PATHS = "$(inherited) @executable_path/Frameworks @loader_path/Frameworks";
				PRODUCT_BUNDLE_IDENTIFIER = com.fluid.michaelkors.GithubsearchTests;
				PRODUCT_NAME = "$(TARGET_NAME)";
				SWIFT_VERSION = 4.0;
				TARGETED_DEVICE_FAMILY = "1,2";
				TEST_HOST = "$(BUILT_PRODUCTS_DIR)/Githubsearch.app/Githubsearch";
			};
			name = Debug;
		};
		108E955520601CEE00CBE763 /* Release */ = {
			isa = XCBuildConfiguration;
			buildSettings = {
				ALWAYS_EMBED_SWIFT_STANDARD_LIBRARIES = YES;
				BUNDLE_LOADER = "$(TEST_HOST)";
				CODE_SIGN_STYLE = Automatic;
				DEVELOPMENT_TEAM = 3988969QQJ;
				INFOPLIST_FILE = GithubsearchTests/Info.plist;
				LD_RUNPATH_SEARCH_PATHS = "$(inherited) @executable_path/Frameworks @loader_path/Frameworks";
				PRODUCT_BUNDLE_IDENTIFIER = com.fluid.michaelkors.GithubsearchTests;
				PRODUCT_NAME = "$(TARGET_NAME)";
				SWIFT_VERSION = 4.0;
				TARGETED_DEVICE_FAMILY = "1,2";
				TEST_HOST = "$(BUILT_PRODUCTS_DIR)/Githubsearch.app/Githubsearch";
			};
			name = Release;
		};
		108E955720601CEE00CBE763 /* Debug */ = {
			isa = XCBuildConfiguration;
			buildSettings = {
				ALWAYS_EMBED_SWIFT_STANDARD_LIBRARIES = YES;
				CODE_SIGN_STYLE = Automatic;
				DEVELOPMENT_TEAM = 3988969QQJ;
				INFOPLIST_FILE = GithubsearchUITests/Info.plist;
				LD_RUNPATH_SEARCH_PATHS = "$(inherited) @executable_path/Frameworks @loader_path/Frameworks";
				PRODUCT_BUNDLE_IDENTIFIER = com.fluid.michaelkors.GithubsearchUITests;
				PRODUCT_NAME = "$(TARGET_NAME)";
				SWIFT_VERSION = 4.0;
				TARGETED_DEVICE_FAMILY = "1,2";
				TEST_TARGET_NAME = Githubsearch;
			};
			name = Debug;
		};
		108E955820601CEE00CBE763 /* Release */ = {
			isa = XCBuildConfiguration;
			buildSettings = {
				ALWAYS_EMBED_SWIFT_STANDARD_LIBRARIES = YES;
				CODE_SIGN_STYLE = Automatic;
				DEVELOPMENT_TEAM = 3988969QQJ;
				INFOPLIST_FILE = GithubsearchUITests/Info.plist;
				LD_RUNPATH_SEARCH_PATHS = "$(inherited) @executable_path/Frameworks @loader_path/Frameworks";
				PRODUCT_BUNDLE_IDENTIFIER = com.fluid.michaelkors.GithubsearchUITests;
				PRODUCT_NAME = "$(TARGET_NAME)";
				SWIFT_VERSION = 4.0;
				TARGETED_DEVICE_FAMILY = "1,2";
				TEST_TARGET_NAME = Githubsearch;
			};
			name = Release;
		};
/* End XCBuildConfiguration section */

/* Begin XCConfigurationList section */
		108E952320601CEE00CBE763 /* Build configuration list for PBXProject "Githubsearch" */ = {
			isa = XCConfigurationList;
			buildConfigurations = (
				108E954E20601CEE00CBE763 /* Debug */,
				108E954F20601CEE00CBE763 /* Release */,
			);
			defaultConfigurationIsVisible = 0;
			defaultConfigurationName = Release;
		};
		108E955020601CEE00CBE763 /* Build configuration list for PBXNativeTarget "Githubsearch" */ = {
			isa = XCConfigurationList;
			buildConfigurations = (
				108E955120601CEE00CBE763 /* Debug */,
				108E955220601CEE00CBE763 /* Release */,
			);
			defaultConfigurationIsVisible = 0;
			defaultConfigurationName = Release;
		};
		108E955320601CEE00CBE763 /* Build configuration list for PBXNativeTarget "GithubsearchTests" */ = {
			isa = XCConfigurationList;
			buildConfigurations = (
				108E955420601CEE00CBE763 /* Debug */,
				108E955520601CEE00CBE763 /* Release */,
			);
			defaultConfigurationIsVisible = 0;
			defaultConfigurationName = Release;
		};
		108E955620601CEE00CBE763 /* Build configuration list for PBXNativeTarget "GithubsearchUITests" */ = {
			isa = XCConfigurationList;
			buildConfigurations = (
				108E955720601CEE00CBE763 /* Debug */,
				108E955820601CEE00CBE763 /* Release */,
			);
			defaultConfigurationIsVisible = 0;
			defaultConfigurationName = Release;
		};
/* End XCConfigurationList section */
	};
	rootObject = 108E952020601CEE00CBE763 /* Project object */;
}
